
Microsoft Visual Studio Solution File, Format Version 12.00
# Visual Studio 14
VisualStudioVersion = 14.0.24720.0
MinimumVisualStudioVersion = 10.0.40219.1
Project("{FAE04EC0-301F-11D3-BF4B-00C04F79EFBC}") = "01.HelloCSharp", "ConsoleApplication2\01.HelloCSharp.csproj", "{6E282A60-9B43-4C7F-96DE-F98529DC25D9}"
EndProject
Project("{FAE04EC0-301F-11D3-BF4B-00C04F79EFBC}") = "2.Expression", "ConsoleApplication1\2.Expression.csproj", "{787F22DA-0866-4439-9EDB-60FA944E3465}"
EndProject
Global
	GlobalSection(SolutionConfigurationPlatforms) = preSolution
		Debug|Any CPU = Debug|Any CPU
		Release|Any CPU = Release|Any CPU
	EndGlobalSection
	GlobalSection(ProjectConfigurationPlatforms) = postSolution
		{6E282A60-9B43-4C7F-96DE-F98529DC25D9}.Debug|Any CPU.ActiveCfg = Debug|Any CPU
		{6E282A60-9B43-4C7F-96DE-F98529DC25D9}.Debug|Any CPU.Build.0 = Debug|Any CPU
		{6E282A60-9B43-4C7F-96DE-F98529DC25D9}.Release|Any CPU.ActiveCfg = Release|Any CPU
		{6E282A60-9B43-4C7F-96DE-F98529DC25D9}.Release|Any CPU.Build.0 = Release|Any CPU
		{787F22DA-0866-4439-9EDB-60FA944E3465}.Debug|Any CPU.ActiveCfg = Debug|Any CPU
		{787F22DA-0866-4439-9EDB-60FA944E3465}.Debug|Any CPU.Build.0 = Debug|Any CPU
		{787F22DA-0866-4439-9EDB-60FA944E3465}.Release|Any CPU.ActiveCfg = Release|Any CPU
		{787F22DA-0866-4439-9EDB-60FA944E3465}.Release|Any CPU.Build.0 = Release|Any CPU
	EndGlobalSection
	GlobalSection(SolutionProperties) = preSolution
		HideSolutionNode = FALSE
	EndGlobalSection
EndGlobal
